
Microsoft Visual Studio Solution File, Format Version 12.00
# Visual Studio Version 16
VisualStudioVersion = 16.0.30804.86
MinimumVisualStudioVersion = 10.0.40219.1
Project("{2150E333-8FDC-42A3-9474-1A3956D46DE8}") = "MyProject.Application", "MyProject.Application", "{AD154FDB-1F3E-4C6E-861D-904E309C05F1}"
EndProject
Project("{2150E333-8FDC-42A3-9474-1A3956D46DE8}") = "MyProject.Domain", "MyProject.Domain", "{1DFDC4FF-BE95-448F-B2CB-870179EAF9C3}"
EndProject
Project("{2150E333-8FDC-42A3-9474-1A3956D46DE8}") = "MyProject.Infrastructure.Ioc", "MyProject.Infrastructure.Ioc", "{579A6ADC-2C54-4287-AF41-162390871CA4}"
EndProject
Project("{2150E333-8FDC-42A3-9474-1A3956D46DE8}") = "MyProject.Infrastructure.Data", "MyProject.Infrastructure.Data", "{A12755B5-0AA8-4798-B523-89E9C96972DF}"
EndProject
Project("{2150E333-8FDC-42A3-9474-1A3956D46DE8}") = "MyProject.UI.Mvc", "MyProject.UI.Mvc", "{47A1AD35-2543-43FE-81DE-AFC9C250DC81}"
EndProject
Project("{FAE04EC0-301F-11D3-BF4B-00C04F79EFBC}") = "CleanArc.Mvc", "CleanArc.Mvc\CleanArc.Mvc.csproj", "{4D4860C7-13BE-4A5E-8250-47C5EB798A03}"
EndProject
Project("{FAE04EC0-301F-11D3-BF4B-00C04F79EFBC}") = "CleanArc.Domain", "CleanArch.Domain\CleanArc.Domain.csproj", "{08BC7ADE-9D0B-40F4-9260-8BA0EB371342}"
EndProject
Project("{FAE04EC0-301F-11D3-BF4B-00C04F79EFBC}") = "CleanArc.Infra.Data", "CleanArc.Infra.Data\CleanArc.Infra.Data.csproj", "{5B213A10-73D0-436F-A335-21A71E1CF548}"
EndProject
Project("{FAE04EC0-301F-11D3-BF4B-00C04F79EFBC}") = "CleanArch.Application", "CleanArch.Application\CleanArch.Application.csproj", "{2386A991-48A8-4468-95C2-3FE11E2B6E0A}"
EndProject
Project("{FAE04EC0-301F-11D3-BF4B-00C04F79EFBC}") = "CleanArc.Infra.IOC", "CleanArc.Infra.IOC\CleanArc.Infra.IOC.csproj", "{9E3D0771-9410-490D-A2BB-55A44094C483}"
EndProject
Global
	GlobalSection(SolutionConfigurationPlatforms) = preSolution
		Debug|Any CPU = Debug|Any CPU
		Release|Any CPU = Release|Any CPU
	EndGlobalSection
	GlobalSection(ProjectConfigurationPlatforms) = postSolution
		{4D4860C7-13BE-4A5E-8250-47C5EB798A03}.Debug|Any CPU.ActiveCfg = Debug|Any CPU
		{4D4860C7-13BE-4A5E-8250-47C5EB798A03}.Debug|Any CPU.Build.0 = Debug|Any CPU
		{4D4860C7-13BE-4A5E-8250-47C5EB798A03}.Release|Any CPU.ActiveCfg = Release|Any CPU
		{4D4860C7-13BE-4A5E-8250-47C5EB798A03}.Release|Any CPU.Build.0 = Release|Any CPU
		{08BC7ADE-9D0B-40F4-9260-8BA0EB371342}.Debug|Any CPU.ActiveCfg = Debug|Any CPU
		{08BC7ADE-9D0B-40F4-9260-8BA0EB371342}.Debug|Any CPU.Build.0 = Debug|Any CPU
		{08BC7ADE-9D0B-40F4-9260-8BA0EB371342}.Release|Any CPU.ActiveCfg = Release|Any CPU
		{08BC7ADE-9D0B-40F4-9260-8BA0EB371342}.Release|Any CPU.Build.0 = Release|Any CPU
		{5B213A10-73D0-436F-A335-21A71E1CF548}.Debug|Any CPU.ActiveCfg = Debug|Any CPU
		{5B213A10-73D0-436F-A335-21A71E1CF548}.Debug|Any CPU.Build.0 = Debug|Any CPU
		{5B213A10-73D0-436F-A335-21A71E1CF548}.Release|Any CPU.ActiveCfg = Release|Any CPU
		{5B213A10-73D0-436F-A335-21A71E1CF548}.Release|Any CPU.Build.0 = Release|Any CPU
		{2386A991-48A8-4468-95C2-3FE11E2B6E0A}.Debug|Any CPU.ActiveCfg = Debug|Any CPU
		{2386A991-48A8-4468-95C2-3FE11E2B6E0A}.Debug|Any CPU.Build.0 = Debug|Any CPU
		{2386A991-48A8-4468-95C2-3FE11E2B6E0A}.Release|Any CPU.ActiveCfg = Release|Any CPU
		{2386A991-48A8-4468-95C2-3FE11E2B6E0A}.Release|Any CPU.Build.0 = Release|Any CPU
		{9E3D0771-9410-490D-A2BB-55A44094C483}.Debug|Any CPU.ActiveCfg = Debug|Any CPU
		{9E3D0771-9410-490D-A2BB-55A44094C483}.Debug|Any CPU.Build.0 = Debug|Any CPU
		{9E3D0771-9410-490D-A2BB-55A44094C483}.Release|Any CPU.ActiveCfg = Release|Any CPU
		{9E3D0771-9410-490D-A2BB-55A44094C483}.Release|Any CPU.Build.0 = Release|Any CPU
	EndGlobalSection
	GlobalSection(SolutionProperties) = preSolution
		HideSolutionNode = FALSE
	EndGlobalSection
	GlobalSection(NestedProjects) = preSolution
		{4D4860C7-13BE-4A5E-8250-47C5EB798A03} = {47A1AD35-2543-43FE-81DE-AFC9C250DC81}
		{08BC7ADE-9D0B-40F4-9260-8BA0EB371342} = {1DFDC4FF-BE95-448F-B2CB-870179EAF9C3}
		{5B213A10-73D0-436F-A335-21A71E1CF548} = {A12755B5-0AA8-4798-B523-89E9C96972DF}
		{2386A991-48A8-4468-95C2-3FE11E2B6E0A} = {AD154FDB-1F3E-4C6E-861D-904E309C05F1}
		{9E3D0771-9410-490D-A2BB-55A44094C483} = {579A6ADC-2C54-4287-AF41-162390871CA4}
	EndGlobalSection
	GlobalSection(ExtensibilityGlobals) = postSolution
		SolutionGuid = {F6CFBBAE-E59B-42A5-89D4-4C51422E21B9}
	EndGlobalSection
EndGlobal
